# THIS IS AN AUTOGENERATED FILE. DO NOT EDIT THIS FILE DIRECTLY.
# yarn lockfile v1


"@types/requestidlecallback@^0.3.1":
  version "0.3.1"
  resolved "http://npm.qiaofangyun.com/@types%2frequestidlecallback/-/requestidlecallback-0.3.1.tgz#34bb89753b1cdc72d0547522527b1cb0f02b5ec4"
  integrity sha512-BnnRkgWYijCIndUn+LgoqKHX/hNpJC5G03B9y7mZya/C2gUQTSn75fEj3ZP1/Rl2E6EYeXh2/7/8UNEZ4X7HuQ==
